// !$*UTF8*$!
{
	archiveVersion = 1;
	classes = {
	};
	objectVersion = 51;
	objects = {

/* Begin PBXBuildFile section */
		66A772BE0F5F8DB1B622660F /* Pods_IrishRailAPI_IrishRailAPIUITests.framework in Frameworks */ = {isa = PBXBuildFile; fileRef = 6C98FB42DB594BDC21ADD2A8 /* Pods_IrishRailAPI_IrishRailAPIUITests.framework */; };
		97195DAB25B1E01500DA7F8A /* AppDIContainer.swift in Sources */ = {isa = PBXBuildFile; fileRef = 97195DAA25B1E01500DA7F8A /* AppDIContainer.swift */; };
		97195DB325B1E19B00DA7F8A /* ViewControllerAssembly.swift in Sources */ = {isa = PBXBuildFile; fileRef = 97195DB225B1E19B00DA7F8A /* ViewControllerAssembly.swift */; };
		97195DB825B1E1C400DA7F8A /* ViewModelAssembly.swift in Sources */ = {isa = PBXBuildFile; fileRef = 97195DB725B1E1C400DA7F8A /* ViewModelAssembly.swift */; };
		97195DBD25B1E1EE00DA7F8A /* ServiceAssembly.swift in Sources */ = {isa = PBXBuildFile; fileRef = 97195DBC25B1E1EE00DA7F8A /* ServiceAssembly.swift */; };
		97195DC225B1E25700DA7F8A /* UIViewController+Extensions.swift in Sources */ = {isa = PBXBuildFile; fileRef = 97195DC125B1E25700DA7F8A /* UIViewController+Extensions.swift */; };
		97195DC725B1E27100DA7F8A /* Storyboard.swift in Sources */ = {isa = PBXBuildFile; fileRef = 97195DC625B1E27100DA7F8A /* Storyboard.swift */; };
		97195DCC25B1E3DF00DA7F8A /* AppConfig.swift in Sources */ = {isa = PBXBuildFile; fileRef = 97195DCB25B1E3DF00DA7F8A /* AppConfig.swift */; };
		97195DD125B1E52300DA7F8A /* IrishRailEndpoint.swift in Sources */ = {isa = PBXBuildFile; fileRef = 97195DD025B1E52300DA7F8A /* IrishRailEndpoint.swift */; };
		97195DD625B1ED8200DA7F8A /* IrishRailApiService.swift in Sources */ = {isa = PBXBuildFile; fileRef = 97195DD525B1ED8200DA7F8A /* IrishRailApiService.swift */; };
		97B58ADD25B1D9B000F55E2D /* AppDelegate.swift in Sources */ = {isa = PBXBuildFile; fileRef = 97B58ADC25B1D9B000F55E2D /* AppDelegate.swift */; };
		97B58ADF25B1D9B000F55E2D /* SceneDelegate.swift in Sources */ = {isa = PBXBuildFile; fileRef = 97B58ADE25B1D9B000F55E2D /* SceneDelegate.swift */; };
		97B58AE125B1D9B000F55E2D /* ViewController.swift in Sources */ = {isa = PBXBuildFile; fileRef = 97B58AE025B1D9B000F55E2D /* ViewController.swift */; };
		97B58AE425B1D9B000F55E2D /* Main.storyboard in Resources */ = {isa = PBXBuildFile; fileRef = 97B58AE225B1D9B000F55E2D /* Main.storyboard */; };
		97B58AE625B1D9B300F55E2D /* Assets.xcassets in Resources */ = {isa = PBXBuildFile; fileRef = 97B58AE525B1D9B300F55E2D /* Assets.xcassets */; };
		97B58AE925B1D9B300F55E2D /* LaunchScreen.storyboard in Resources */ = {isa = PBXBuildFile; fileRef = 97B58AE725B1D9B300F55E2D /* LaunchScreen.storyboard */; };
		97B58AF425B1D9B300F55E2D /* IrishRailAPITests.swift in Sources */ = {isa = PBXBuildFile; fileRef = 97B58AF325B1D9B300F55E2D /* IrishRailAPITests.swift */; };
		97B58AFF25B1D9B300F55E2D /* IrishRailAPIUITests.swift in Sources */ = {isa = PBXBuildFile; fileRef = 97B58AFE25B1D9B300F55E2D /* IrishRailAPIUITests.swift */; };
		A2D98A447793393D93E4CEBA /* Pods_IrishRailAPI.framework in Frameworks */ = {isa = PBXBuildFile; fileRef = 406155B7D9ED9CC0474BAA71 /* Pods_IrishRailAPI.framework */; };
		C9EB7C8711D880612F3F7BEC /* Pods_IrishRailAPI_IrishRailAPITests.framework in Frameworks */ = {isa = PBXBuildFile; fileRef = FF50868BBA6C02C186F80DB3 /* Pods_IrishRailAPI_IrishRailAPITests.framework */; };
/* End PBXBuildFile section */

/* Begin PBXContainerItemProxy section */
		97B58AF025B1D9B300F55E2D /* PBXContainerItemProxy */ = {
			isa = PBXContainerItemProxy;
			containerPortal = 97B58AD125B1D9B000F55E2D /* Project object */;
			proxyType = 1;
			remoteGlobalIDString = 97B58AD825B1D9B000F55E2D;
			remoteInfo = IrishRailAPI;
		};
		97B58AFB25B1D9B300F55E2D /* PBXContainerItemProxy */ = {
			isa = PBXContainerItemProxy;
			containerPortal = 97B58AD125B1D9B000F55E2D /* Project object */;
			proxyType = 1;
			remoteGlobalIDString = 97B58AD825B1D9B000F55E2D;
			remoteInfo = IrishRailAPI;
		};
/* End PBXContainerItemProxy section */

/* Begin PBXFileReference section */
		39BB5B9DB817568558B5AFED /* Pods-IrishRailAPI-IrishRailAPITests.debug.xcconfig */ = {isa = PBXFileReference; includeInIndex = 1; lastKnownFileType = text.xcconfig; name = "Pods-IrishRailAPI-IrishRailAPITests.debug.xcconfig"; path = "Target Support Files/Pods-IrishRailAPI-IrishRailAPITests/Pods-IrishRailAPI-IrishRailAPITests.debug.xcconfig"; sourceTree = "<group>"; };
		3C4E9A90322BD832840732C7 /* Pods-IrishRailAPI-IrishRailAPITests.release.xcconfig */ = {isa = PBXFileReference; includeInIndex = 1; lastKnownFileType = text.xcconfig; name = "Pods-IrishRailAPI-IrishRailAPITests.release.xcconfig"; path = "Target Support Files/Pods-IrishRailAPI-IrishRailAPITests/Pods-IrishRailAPI-IrishRailAPITests.release.xcconfig"; sourceTree = "<group>"; };
		406155B7D9ED9CC0474BAA71 /* Pods_IrishRailAPI.framework */ = {isa = PBXFileReference; explicitFileType = wrapper.framework; includeInIndex = 0; path = Pods_IrishRailAPI.framework; sourceTree = BUILT_PRODUCTS_DIR; };
		54C2EB9ED999310CAB0DC97B /* Pods-IrishRailAPI-IrishRailAPIUITests.release.xcconfig */ = {isa = PBXFileReference; includeInIndex = 1; lastKnownFileType = text.xcconfig; name = "Pods-IrishRailAPI-IrishRailAPIUITests.release.xcconfig"; path = "Target Support Files/Pods-IrishRailAPI-IrishRailAPIUITests/Pods-IrishRailAPI-IrishRailAPIUITests.release.xcconfig"; sourceTree = "<group>"; };
		6C98FB42DB594BDC21ADD2A8 /* Pods_IrishRailAPI_IrishRailAPIUITests.framework */ = {isa = PBXFileReference; explicitFileType = wrapper.framework; includeInIndex = 0; path = Pods_IrishRailAPI_IrishRailAPIUITests.framework; sourceTree = BUILT_PRODUCTS_DIR; };
		8FA9FBF122DAE6DCA1556E5C /* Pods-IrishRailAPI.release.xcconfig */ = {isa = PBXFileReference; includeInIndex = 1; lastKnownFileType = text.xcconfig; name = "Pods-IrishRailAPI.release.xcconfig"; path = "Target Support Files/Pods-IrishRailAPI/Pods-IrishRailAPI.release.xcconfig"; sourceTree = "<group>"; };
		97195DAA25B1E01500DA7F8A /* AppDIContainer.swift */ = {isa = PBXFileReference; lastKnownFileType = sourcecode.swift; path = AppDIContainer.swift; sourceTree = "<group>"; };
		97195DB225B1E19B00DA7F8A /* ViewControllerAssembly.swift */ = {isa = PBXFileReference; lastKnownFileType = sourcecode.swift; path = ViewControllerAssembly.swift; sourceTree = "<group>"; };
		97195DB725B1E1C400DA7F8A /* ViewModelAssembly.swift */ = {isa = PBXFileReference; lastKnownFileType = sourcecode.swift; path = ViewModelAssembly.swift; sourceTree = "<group>"; };
		97195DBC25B1E1EE00DA7F8A /* ServiceAssembly.swift */ = {isa = PBXFileReference; lastKnownFileType = sourcecode.swift; path = ServiceAssembly.swift; sourceTree = "<group>"; };
		97195DC125B1E25700DA7F8A /* UIViewController+Extensions.swift */ = {isa = PBXFileReference; lastKnownFileType = sourcecode.swift; path = "UIViewController+Extensions.swift"; sourceTree = "<group>"; };
		97195DC625B1E27100DA7F8A /* Storyboard.swift */ = {isa = PBXFileReference; lastKnownFileType = sourcecode.swift; path = Storyboard.swift; sourceTree = "<group>"; };
		97195DCB25B1E3DF00DA7F8A /* AppConfig.swift */ = {isa = PBXFileReference; lastKnownFileType = sourcecode.swift; path = AppConfig.swift; sourceTree = "<group>"; };
		97195DD025B1E52300DA7F8A /* IrishRailEndpoint.swift */ = {isa = PBXFileReference; lastKnownFileType = sourcecode.swift; path = IrishRailEndpoint.swift; sourceTree = "<group>"; };
		97195DD525B1ED8200DA7F8A /* IrishRailApiService.swift */ = {isa = PBXFileReference; lastKnownFileType = sourcecode.swift; path = IrishRailApiService.swift; sourceTree = "<group>"; };
		97B58AD925B1D9B000F55E2D /* IrishRailAPI.app */ = {isa = PBXFileReference; explicitFileType = wrapper.application; includeInIndex = 0; path = IrishRailAPI.app; sourceTree = BUILT_PRODUCTS_DIR; };
		97B58ADC25B1D9B000F55E2D /* AppDelegate.swift */ = {isa = PBXFileReference; lastKnownFileType = sourcecode.swift; path = AppDelegate.swift; sourceTree = "<group>"; };
		97B58ADE25B1D9B000F55E2D /* SceneDelegate.swift */ = {isa = PBXFileReference; lastKnownFileType = sourcecode.swift; path = SceneDelegate.swift; sourceTree = "<group>"; };
		97B58AE025B1D9B000F55E2D /* ViewController.swift */ = {isa = PBXFileReference; lastKnownFileType = sourcecode.swift; path = ViewController.swift; sourceTree = "<group>"; };
		97B58AE325B1D9B000F55E2D /* Base */ = {isa = PBXFileReference; lastKnownFileType = file.storyboard; name = Base; path = Base.lproj/Main.storyboard; sourceTree = "<group>"; };
		97B58AE525B1D9B300F55E2D /* Assets.xcassets */ = {isa = PBXFileReference; lastKnownFileType = folder.assetcatalog; path = Assets.xcassets; sourceTree = "<group>"; };
		97B58AE825B1D9B300F55E2D /* Base */ = {isa = PBXFileReference; lastKnownFileType = file.storyboard; name = Base; path = Base.lproj/LaunchScreen.storyboard; sourceTree = "<group>"; };
		97B58AEA25B1D9B300F55E2D /* Info.plist */ = {isa = PBXFileReference; lastKnownFileType = text.plist.xml; path = Info.plist; sourceTree = "<group>"; };
		97B58AEF25B1D9B300F55E2D /* IrishRailAPITests.xctest */ = {isa = PBXFileReference; explicitFileType = wrapper.cfbundle; includeInIndex = 0; path = IrishRailAPITests.xctest; sourceTree = BUILT_PRODUCTS_DIR; };
		97B58AF325B1D9B300F55E2D /* IrishRailAPITests.swift */ = {isa = PBXFileReference; lastKnownFileType = sourcecode.swift; path = IrishRailAPITests.swift; sourceTree = "<group>"; };
		97B58AF525B1D9B300F55E2D /* Info.plist */ = {isa = PBXFileReference; lastKnownFileType = text.plist.xml; path = Info.plist; sourceTree = "<group>"; };
		97B58AFA25B1D9B300F55E2D /* IrishRailAPIUITests.xctest */ = {isa = PBXFileReference; explicitFileType = wrapper.cfbundle; includeInIndex = 0; path = IrishRailAPIUITests.xctest; sourceTree = BUILT_PRODUCTS_DIR; };
		97B58AFE25B1D9B300F55E2D /* IrishRailAPIUITests.swift */ = {isa = PBXFileReference; lastKnownFileType = sourcecode.swift; path = IrishRailAPIUITests.swift; sourceTree = "<group>"; };
		97B58B0025B1D9B300F55E2D /* Info.plist */ = {isa = PBXFileReference; lastKnownFileType = text.plist.xml; path = Info.plist; sourceTree = "<group>"; };
		CB67E233B3D224978B45CDD2 /* Pods-IrishRailAPI.debug.xcconfig */ = {isa = PBXFileReference; includeInIndex = 1; lastKnownFileType = text.xcconfig; name = "Pods-IrishRailAPI.debug.xcconfig"; path = "Target Support Files/Pods-IrishRailAPI/Pods-IrishRailAPI.debug.xcconfig"; sourceTree = "<group>"; };
		D7DE93266ECE882633577B0E /* Pods-IrishRailAPI-IrishRailAPIUITests.debug.xcconfig */ = {isa = PBXFileReference; includeInIndex = 1; lastKnownFileType = text.xcconfig; name = "Pods-IrishRailAPI-IrishRailAPIUITests.debug.xcconfig"; path = "Target Support Files/Pods-IrishRailAPI-IrishRailAPIUITests/Pods-IrishRailAPI-IrishRailAPIUITests.debug.xcconfig"; sourceTree = "<group>"; };
		FF50868BBA6C02C186F80DB3 /* Pods_IrishRailAPI_IrishRailAPITests.framework */ = {isa = PBXFileReference; explicitFileType = wrapper.framework; includeInIndex = 0; path = Pods_IrishRailAPI_IrishRailAPITests.framework; sourceTree = BUILT_PRODUCTS_DIR; };
/* End PBXFileReference section */

/* Begin PBXFrameworksBuildPhase section */
		97B58AD625B1D9B000F55E2D /* Frameworks */ = {
			isa = PBXFrameworksBuildPhase;
			buildActionMask = 2147483647;
			files = (
				A2D98A447793393D93E4CEBA /* Pods_IrishRailAPI.framework in Frameworks */,
			);
			runOnlyForDeploymentPostprocessing = 0;
		};
		97B58AEC25B1D9B300F55E2D /* Frameworks */ = {
			isa = PBXFrameworksBuildPhase;
			buildActionMask = 2147483647;
			files = (
				C9EB7C8711D880612F3F7BEC /* Pods_IrishRailAPI_IrishRailAPITests.framework in Frameworks */,
			);
			runOnlyForDeploymentPostprocessing = 0;
		};
		97B58AF725B1D9B300F55E2D /* Frameworks */ = {
			isa = PBXFrameworksBuildPhase;
			buildActionMask = 2147483647;
			files = (
				66A772BE0F5F8DB1B622660F /* Pods_IrishRailAPI_IrishRailAPIUITests.framework in Frameworks */,
			);
			runOnlyForDeploymentPostprocessing = 0;
		};
/* End PBXFrameworksBuildPhase section */

/* Begin PBXGroup section */
		0C86E624DB6460A03621B269 /* Frameworks */ = {
			isa = PBXGroup;
			children = (
				406155B7D9ED9CC0474BAA71 /* Pods_IrishRailAPI.framework */,
				FF50868BBA6C02C186F80DB3 /* Pods_IrishRailAPI_IrishRailAPITests.framework */,
				6C98FB42DB594BDC21ADD2A8 /* Pods_IrishRailAPI_IrishRailAPIUITests.framework */,
			);
			name = Frameworks;
			sourceTree = "<group>";
		};
		23D52590D417A2087C42A3AD /* Pods */ = {
			isa = PBXGroup;
			children = (
				CB67E233B3D224978B45CDD2 /* Pods-IrishRailAPI.debug.xcconfig */,
				8FA9FBF122DAE6DCA1556E5C /* Pods-IrishRailAPI.release.xcconfig */,
				39BB5B9DB817568558B5AFED /* Pods-IrishRailAPI-IrishRailAPITests.debug.xcconfig */,
				3C4E9A90322BD832840732C7 /* Pods-IrishRailAPI-IrishRailAPITests.release.xcconfig */,
				D7DE93266ECE882633577B0E /* Pods-IrishRailAPI-IrishRailAPIUITests.debug.xcconfig */,
				54C2EB9ED999310CAB0DC97B /* Pods-IrishRailAPI-IrishRailAPIUITests.release.xcconfig */,
			);
			path = Pods;
			sourceTree = "<group>";
		};
		97195DA325B1DF6800DA7F8A /* Config */ = {
			isa = PBXGroup;
			children = (
				97195DCB25B1E3DF00DA7F8A /* AppConfig.swift */,
			);
			path = Config;
			sourceTree = "<group>";
		};
		97195DA425B1DF6F00DA7F8A /* DI */ = {
			isa = PBXGroup;
			children = (
				97195DAA25B1E01500DA7F8A /* AppDIContainer.swift */,
				97195DB225B1E19B00DA7F8A /* ViewControllerAssembly.swift */,
				97195DB725B1E1C400DA7F8A /* ViewModelAssembly.swift */,
				97195DBC25B1E1EE00DA7F8A /* ServiceAssembly.swift */,
			);
			path = DI;
			sourceTree = "<group>";
		};
		97195DA525B1DF7300DA7F8A /* Utilities */ = {
			isa = PBXGroup;
			children = (
				97195DC125B1E25700DA7F8A /* UIViewController+Extensions.swift */,
				97195DC625B1E27100DA7F8A /* Storyboard.swift */,
				97195DD025B1E52300DA7F8A /* IrishRailEndpoint.swift */,
			);
			path = Utilities;
			sourceTree = "<group>";
		};
		97195DA625B1DF7800DA7F8A /* Services */ = {
			isa = PBXGroup;
			children = (
				97195DD525B1ED8200DA7F8A /* IrishRailApiService.swift */,
			);
			path = Services;
			sourceTree = "<group>";
		};
		97195DA725B1DF7D00DA7F8A /* Models */ = {
			isa = PBXGroup;
			children = (
			);
			path = Models;
			sourceTree = "<group>";
		};
		97195DA825B1DF8200DA7F8A /* ViewModels */ = {
			isa = PBXGroup;
			children = (
			);
			path = ViewModels;
			sourceTree = "<group>";
		};
		97195DA925B1DF8800DA7F8A /* ViewControllers */ = {
			isa = PBXGroup;
			children = (
			);
			path = ViewControllers;
			sourceTree = "<group>";
		};
		97B58AD025B1D9B000F55E2D = {
			isa = PBXGroup;
			children = (
				97B58ADB25B1D9B000F55E2D /* IrishRailAPI */,
				97B58AF225B1D9B300F55E2D /* IrishRailAPITests */,
				97B58AFD25B1D9B300F55E2D /* IrishRailAPIUITests */,
				97B58ADA25B1D9B000F55E2D /* Products */,
				23D52590D417A2087C42A3AD /* Pods */,
				0C86E624DB6460A03621B269 /* Frameworks */,
			);
			sourceTree = "<group>";
		};
		97B58ADA25B1D9B000F55E2D /* Products */ = {
			isa = PBXGroup;
			children = (
				97B58AD925B1D9B000F55E2D /* IrishRailAPI.app */,
				97B58AEF25B1D9B300F55E2D /* IrishRailAPITests.xctest */,
				97B58AFA25B1D9B300F55E2D /* IrishRailAPIUITests.xctest */,
			);
			name = Products;
			sourceTree = "<group>";
		};
		97B58ADB25B1D9B000F55E2D /* IrishRailAPI */ = {
			isa = PBXGroup;
			children = (
				97195DA325B1DF6800DA7F8A /* Config */,
				97195DA425B1DF6F00DA7F8A /* DI */,
				97195DA525B1DF7300DA7F8A /* Utilities */,
				97195DA625B1DF7800DA7F8A /* Services */,
				97195DA725B1DF7D00DA7F8A /* Models */,
				97195DA925B1DF8800DA7F8A /* ViewControllers */,
				97195DA825B1DF8200DA7F8A /* ViewModels */,
				97B58ADC25B1D9B000F55E2D /* AppDelegate.swift */,
				97B58ADE25B1D9B000F55E2D /* SceneDelegate.swift */,
				97B58AE025B1D9B000F55E2D /* ViewController.swift */,
				97B58AE225B1D9B000F55E2D /* Main.storyboard */,
				97B58AE525B1D9B300F55E2D /* Assets.xcassets */,
				97B58AE725B1D9B300F55E2D /* LaunchScreen.storyboard */,
				97B58AEA25B1D9B300F55E2D /* Info.plist */,
			);
			path = IrishRailAPI;
			sourceTree = "<group>";
		};
		97B58AF225B1D9B300F55E2D /* IrishRailAPITests */ = {
			isa = PBXGroup;
			children = (
				97B58AF325B1D9B300F55E2D /* IrishRailAPITests.swift */,
				97B58AF525B1D9B300F55E2D /* Info.plist */,
			);
			path = IrishRailAPITests;
			sourceTree = "<group>";
		};
		97B58AFD25B1D9B300F55E2D /* IrishRailAPIUITests */ = {
			isa = PBXGroup;
			children = (
				97B58AFE25B1D9B300F55E2D /* IrishRailAPIUITests.swift */,
				97B58B0025B1D9B300F55E2D /* Info.plist */,
			);
			path = IrishRailAPIUITests;
			sourceTree = "<group>";
		};
/* End PBXGroup section */

/* Begin PBXNativeTarget section */
		97B58AD825B1D9B000F55E2D /* IrishRailAPI */ = {
			isa = PBXNativeTarget;
			buildConfigurationList = 97B58B0325B1D9B300F55E2D /* Build configuration list for PBXNativeTarget "IrishRailAPI" */;
			buildPhases = (
				AB912A3C96304355FE9038A7 /* [CP] Check Pods Manifest.lock */,
				97B58AD525B1D9B000F55E2D /* Sources */,
				97B58AD625B1D9B000F55E2D /* Frameworks */,
				97B58AD725B1D9B000F55E2D /* Resources */,
				1761D469C33BCE6B4CF2E0E6 /* [CP] Embed Pods Frameworks */,
				97195D8B25B1DDDE00DA7F8A /* ShellScript */,
			);
			buildRules = (
			);
			dependencies = (
			);
			name = IrishRailAPI;
			productName = IrishRailAPI;
			productReference = 97B58AD925B1D9B000F55E2D /* IrishRailAPI.app */;
			productType = "com.apple.product-type.application";
		};
		97B58AEE25B1D9B300F55E2D /* IrishRailAPITests */ = {
			isa = PBXNativeTarget;
			buildConfigurationList = 97B58B0625B1D9B300F55E2D /* Build configuration list for PBXNativeTarget "IrishRailAPITests" */;
			buildPhases = (
				B8879F170BB96F70E5BD08AC /* [CP] Check Pods Manifest.lock */,
				97B58AEB25B1D9B300F55E2D /* Sources */,
				97B58AEC25B1D9B300F55E2D /* Frameworks */,
				97B58AED25B1D9B300F55E2D /* Resources */,
				BA09B344F9B97E75B989E299 /* [CP] Embed Pods Frameworks */,
			);
			buildRules = (
			);
			dependencies = (
				97B58AF125B1D9B300F55E2D /* PBXTargetDependency */,
			);
			name = IrishRailAPITests;
			productName = IrishRailAPITests;
			productReference = 97B58AEF25B1D9B300F55E2D /* IrishRailAPITests.xctest */;
			productType = "com.apple.product-type.bundle.unit-test";
		};
		97B58AF925B1D9B300F55E2D /* IrishRailAPIUITests */ = {
			isa = PBXNativeTarget;
			buildConfigurationList = 97B58B0925B1D9B300F55E2D /* Build configuration list for PBXNativeTarget "IrishRailAPIUITests" */;
			buildPhases = (
				19FB8EC93D4E29EBF5456875 /* [CP] Check Pods Manifest.lock */,
				97B58AF625B1D9B300F55E2D /* Sources */,
				97B58AF725B1D9B300F55E2D /* Frameworks */,
				97B58AF825B1D9B300F55E2D /* Resources */,
				E8E4D4CBAE85A0570159D4D5 /* [CP] Embed Pods Frameworks */,
			);
			buildRules = (
			);
			dependencies = (
				97B58AFC25B1D9B300F55E2D /* PBXTargetDependency */,
			);
			name = IrishRailAPIUITests;
			productName = IrishRailAPIUITests;
			productReference = 97B58AFA25B1D9B300F55E2D /* IrishRailAPIUITests.xctest */;
			productType = "com.apple.product-type.bundle.ui-testing";
		};
/* End PBXNativeTarget section */

/* Begin PBXProject section */
		97B58AD125B1D9B000F55E2D /* Project object */ = {
			isa = PBXProject;
			attributes = {
				LastSwiftUpdateCheck = 1230;
				LastUpgradeCheck = 1230;
				TargetAttributes = {
					97B58AD825B1D9B000F55E2D = {
						CreatedOnToolsVersion = 12.3;
					};
					97B58AEE25B1D9B300F55E2D = {
						CreatedOnToolsVersion = 12.3;
						TestTargetID = 97B58AD825B1D9B000F55E2D;
					};
					97B58AF925B1D9B300F55E2D = {
						CreatedOnToolsVersion = 12.3;
						TestTargetID = 97B58AD825B1D9B000F55E2D;
					};
				};
			};
			buildConfigurationList = 97B58AD425B1D9B000F55E2D /* Build configuration list for PBXProject "IrishRailAPI" */;
			compatibilityVersion = "Xcode 9.3";
			developmentRegion = en;
			hasScannedForEncodings = 0;
			knownRegions = (
				en,
				Base,
			);
			mainGroup = 97B58AD025B1D9B000F55E2D;
			productRefGroup = 97B58ADA25B1D9B000F55E2D /* Products */;
			projectDirPath = "";
			projectRoot = "";
			targets = (
				97B58AD825B1D9B000F55E2D /* IrishRailAPI */,
				97B58AEE25B1D9B300F55E2D /* IrishRailAPITests */,
				97B58AF925B1D9B300F55E2D /* IrishRailAPIUITests */,
			);
		};
/* End PBXProject section */

/* Begin PBXResourcesBuildPhase section */
		97B58AD725B1D9B000F55E2D /* Resources */ = {
			isa = PBXResourcesBuildPhase;
			buildActionMask = 2147483647;
			files = (
				97B58AE925B1D9B300F55E2D /* LaunchScreen.storyboard in Resources */,
				97B58AE625B1D9B300F55E2D /* Assets.xcassets in Resources */,
				97B58AE425B1D9B000F55E2D /* Main.storyboard in Resources */,
			);
			runOnlyForDeploymentPostprocessing = 0;
		};
		97B58AED25B1D9B300F55E2D /* Resources */ = {
			isa = PBXResourcesBuildPhase;
			buildActionMask = 2147483647;
			files = (
			);
			runOnlyForDeploymentPostprocessing = 0;
		};
		97B58AF825B1D9B300F55E2D /* Resources */ = {
			isa = PBXResourcesBuildPhase;
			buildActionMask = 2147483647;
			files = (
			);
			runOnlyForDeploymentPostprocessing = 0;
		};
/* End PBXResourcesBuildPhase section */

/* Begin PBXShellScriptBuildPhase section */
		1761D469C33BCE6B4CF2E0E6 /* [CP] Embed Pods Frameworks */ = {
			isa = PBXShellScriptBuildPhase;
			buildActionMask = 2147483647;
			files = (
			);
			inputFileListPaths = (
				"${PODS_ROOT}/Target Support Files/Pods-IrishRailAPI/Pods-IrishRailAPI-frameworks-${CONFIGURATION}-input-files.xcfilelist",
			);
			name = "[CP] Embed Pods Frameworks";
			outputFileListPaths = (
				"${PODS_ROOT}/Target Support Files/Pods-IrishRailAPI/Pods-IrishRailAPI-frameworks-${CONFIGURATION}-output-files.xcfilelist",
			);
			runOnlyForDeploymentPostprocessing = 0;
			shellPath = /bin/sh;
			shellScript = "\"${PODS_ROOT}/Target Support Files/Pods-IrishRailAPI/Pods-IrishRailAPI-frameworks.sh\"\n";
			showEnvVarsInLog = 0;
		};
		19FB8EC93D4E29EBF5456875 /* [CP] Check Pods Manifest.lock */ = {
			isa = PBXShellScriptBuildPhase;
			buildActionMask = 2147483647;
			files = (
			);
			inputFileListPaths = (
			);
			inputPaths = (
				"${PODS_PODFILE_DIR_PATH}/Podfile.lock",
				"${PODS_ROOT}/Manifest.lock",
			);
			name = "[CP] Check Pods Manifest.lock";
			outputFileListPaths = (
			);
			outputPaths = (
				"$(DERIVED_FILE_DIR)/Pods-IrishRailAPI-IrishRailAPIUITests-checkManifestLockResult.txt",
			);
			runOnlyForDeploymentPostprocessing = 0;
			shellPath = /bin/sh;
			shellScript = "diff \"${PODS_PODFILE_DIR_PATH}/Podfile.lock\" \"${PODS_ROOT}/Manifest.lock\" > /dev/null\nif [ $? != 0 ] ; then\n    # print error to STDERR\n    echo \"error: The sandbox is not in sync with the Podfile.lock. Run 'pod install' or update your CocoaPods installation.\" >&2\n    exit 1\nfi\n# This output is used by Xcode 'outputs' to avoid re-running this script phase.\necho \"SUCCESS\" > \"${SCRIPT_OUTPUT_FILE_0}\"\n";
			showEnvVarsInLog = 0;
		};
		97195D8B25B1DDDE00DA7F8A /* ShellScript */ = {
			isa = PBXShellScriptBuildPhase;
			buildActionMask = 2147483647;
			files = (
			);
			inputFileListPaths = (
			);
			inputPaths = (
			);
			outputFileListPaths = (
			);
			outputPaths = (
			);
			runOnlyForDeploymentPostprocessing = 0;
			shellPath = /bin/sh;
			shellScript = "\"${PODS_ROOT}/SwiftLint/swiftlint\"\n";
		};
		AB912A3C96304355FE9038A7 /* [CP] Check Pods Manifest.lock */ = {
			isa = PBXShellScriptBuildPhase;
			buildActionMask = 2147483647;
			files = (
			);
			inputFileListPaths = (
			);
			inputPaths = (
				"${PODS_PODFILE_DIR_PATH}/Podfile.lock",
				"${PODS_ROOT}/Manifest.lock",
			);
			name = "[CP] Check Pods Manifest.lock";
			outputFileListPaths = (
			);
			outputPaths = (
				"$(DERIVED_FILE_DIR)/Pods-IrishRailAPI-checkManifestLockResult.txt",
			);
			runOnlyForDeploymentPostprocessing = 0;
			shellPath = /bin/sh;
			shellScript = "diff \"${PODS_PODFILE_DIR_PATH}/Podfile.lock\" \"${PODS_ROOT}/Manifest.lock\" > /dev/null\nif [ $? != 0 ] ; then\n    # print error to STDERR\n    echo \"error: The sandbox is not in sync with the Podfile.lock. Run 'pod install' or update your CocoaPods installation.\" >&2\n    exit 1\nfi\n# This output is used by Xcode 'outputs' to avoid re-running this script phase.\necho \"SUCCESS\" > \"${SCRIPT_OUTPUT_FILE_0}\"\n";
			showEnvVarsInLog = 0;
		};
		B8879F170BB96F70E5BD08AC /* [CP] Check Pods Manifest.lock */ = {
			isa = PBXShellScriptBuildPhase;
			buildActionMask = 2147483647;
			files = (
			);
			inputFileListPaths = (
			);
			inputPaths = (
				"${PODS_PODFILE_DIR_PATH}/Podfile.lock",
				"${PODS_ROOT}/Manifest.lock",
			);
			name = "[CP] Check Pods Manifest.lock";
			outputFileListPaths = (
			);
			outputPaths = (
				"$(DERIVED_FILE_DIR)/Pods-IrishRailAPI-IrishRailAPITests-checkManifestLockResult.txt",
			);
			runOnlyForDeploymentPostprocessing = 0;
			shellPath = /bin/sh;
			shellScript = "diff \"${PODS_PODFILE_DIR_PATH}/Podfile.lock\" \"${PODS_ROOT}/Manifest.lock\" > /dev/null\nif [ $? != 0 ] ; then\n    # print error to STDERR\n    echo \"error: The sandbox is not in sync with the Podfile.lock. Run 'pod install' or update your CocoaPods installation.\" >&2\n    exit 1\nfi\n# This output is used by Xcode 'outputs' to avoid re-running this script phase.\necho \"SUCCESS\" > \"${SCRIPT_OUTPUT_FILE_0}\"\n";
			showEnvVarsInLog = 0;
		};
		BA09B344F9B97E75B989E299 /* [CP] Embed Pods Frameworks */ = {
			isa = PBXShellScriptBuildPhase;
			buildActionMask = 2147483647;
			files = (
			);
			inputFileListPaths = (
				"${PODS_ROOT}/Target Support Files/Pods-IrishRailAPI-IrishRailAPITests/Pods-IrishRailAPI-IrishRailAPITests-frameworks-${CONFIGURATION}-input-files.xcfilelist",
			);
			name = "[CP] Embed Pods Frameworks";
			outputFileListPaths = (
				"${PODS_ROOT}/Target Support Files/Pods-IrishRailAPI-IrishRailAPITests/Pods-IrishRailAPI-IrishRailAPITests-frameworks-${CONFIGURATION}-output-files.xcfilelist",
			);
			runOnlyForDeploymentPostprocessing = 0;
			shellPath = /bin/sh;
			shellScript = "\"${PODS_ROOT}/Target Support Files/Pods-IrishRailAPI-IrishRailAPITests/Pods-IrishRailAPI-IrishRailAPITests-frameworks.sh\"\n";
			showEnvVarsInLog = 0;
		};
		E8E4D4CBAE85A0570159D4D5 /* [CP] Embed Pods Frameworks */ = {
			isa = PBXShellScriptBuildPhase;
			buildActionMask = 2147483647;
			files = (
			);
			inputFileListPaths = (
				"${PODS_ROOT}/Target Support Files/Pods-IrishRailAPI-IrishRailAPIUITests/Pods-IrishRailAPI-IrishRailAPIUITests-frameworks-${CONFIGURATION}-input-files.xcfilelist",
			);
			name = "[CP] Embed Pods Frameworks";
			outputFileListPaths = (
				"${PODS_ROOT}/Target Support Files/Pods-IrishRailAPI-IrishRailAPIUITests/Pods-IrishRailAPI-IrishRailAPIUITests-frameworks-${CONFIGURATION}-output-files.xcfilelist",
			);
			runOnlyForDeploymentPostprocessing = 0;
			shellPath = /bin/sh;
			shellScript = "\"${PODS_ROOT}/Target Support Files/Pods-IrishRailAPI-IrishRailAPIUITests/Pods-IrishRailAPI-IrishRailAPIUITests-frameworks.sh\"\n";
			showEnvVarsInLog = 0;
		};
/* End PBXShellScriptBuildPhase section */

/* Begin PBXSourcesBuildPhase section */
		97B58AD525B1D9B000F55E2D /* Sources */ = {
			isa = PBXSourcesBuildPhase;
			buildActionMask = 2147483647;
			files = (
				97195DB825B1E1C400DA7F8A /* ViewModelAssembly.swift in Sources */,
				97195DCC25B1E3DF00DA7F8A /* AppConfig.swift in Sources */,
				97195DD625B1ED8200DA7F8A /* IrishRailApiService.swift in Sources */,
				97195DAB25B1E01500DA7F8A /* AppDIContainer.swift in Sources */,
				97B58AE125B1D9B000F55E2D /* ViewController.swift in Sources */,
				97195DBD25B1E1EE00DA7F8A /* ServiceAssembly.swift in Sources */,
				97195DC225B1E25700DA7F8A /* UIViewController+Extensions.swift in Sources */,
				97B58ADD25B1D9B000F55E2D /* AppDelegate.swift in Sources */,
				97195DD125B1E52300DA7F8A /* IrishRailEndpoint.swift in Sources */,
				97B58ADF25B1D9B000F55E2D /* SceneDelegate.swift in Sources */,
				97195DC725B1E27100DA7F8A /* Storyboard.swift in Sources */,
				97195DB325B1E19B00DA7F8A /* ViewControllerAssembly.swift in Sources */,
			);
			runOnlyForDeploymentPostprocessing = 0;
		};
		97B58AEB25B1D9B300F55E2D /* Sources */ = {
			isa = PBXSourcesBuildPhase;
			buildActionMask = 2147483647;
			files = (
				97B58AF425B1D9B300F55E2D /* IrishRailAPITests.swift in Sources */,
			);
			runOnlyForDeploymentPostprocessing = 0;
		};
		97B58AF625B1D9B300F55E2D /* Sources */ = {
			isa = PBXSourcesBuildPhase;
			buildActionMask = 2147483647;
			files = (
				97B58AFF25B1D9B300F55E2D /* IrishRailAPIUITests.swift in Sources */,
			);
			runOnlyForDeploymentPostprocessing = 0;
		};
/* End PBXSourcesBuildPhase section */

/* Begin PBXTargetDependency section */
		97B58AF125B1D9B300F55E2D /* PBXTargetDependency */ = {
			isa = PBXTargetDependency;
			target = 97B58AD825B1D9B000F55E2D /* IrishRailAPI */;
			targetProxy = 97B58AF025B1D9B300F55E2D /* PBXContainerItemProxy */;
		};
		97B58AFC25B1D9B300F55E2D /* PBXTargetDependency */ = {
			isa = PBXTargetDependency;
			target = 97B58AD825B1D9B000F55E2D /* IrishRailAPI */;
			targetProxy = 97B58AFB25B1D9B300F55E2D /* PBXContainerItemProxy */;
		};
/* End PBXTargetDependency section */

/* Begin PBXVariantGroup section */
		97B58AE225B1D9B000F55E2D /* Main.storyboard */ = {
			isa = PBXVariantGroup;
			children = (
				97B58AE325B1D9B000F55E2D /* Base */,
			);
			name = Main.storyboard;
			sourceTree = "<group>";
		};
		97B58AE725B1D9B300F55E2D /* LaunchScreen.storyboard */ = {
			isa = PBXVariantGroup;
			children = (
				97B58AE825B1D9B300F55E2D /* Base */,
			);
			name = LaunchScreen.storyboard;
			sourceTree = "<group>";
		};
/* End PBXVariantGroup section */

/* Begin XCBuildConfiguration section */
		97B58B0125B1D9B300F55E2D /* Debug */ = {
			isa = XCBuildConfiguration;
			buildSettings = {
				ALWAYS_SEARCH_USER_PATHS = NO;
				CLANG_ANALYZER_NONNULL = YES;
				CLANG_ANALYZER_NUMBER_OBJECT_CONVERSION = YES_AGGRESSIVE;
				CLANG_CXX_LANGUAGE_STANDARD = "gnu++14";
				CLANG_CXX_LIBRARY = "libc++";
				CLANG_ENABLE_MODULES = YES;
				CLANG_ENABLE_OBJC_ARC = YES;
				CLANG_ENABLE_OBJC_WEAK = YES;
				CLANG_WARN_BLOCK_CAPTURE_AUTORELEASING = YES;
				CLANG_WARN_BOOL_CONVERSION = YES;
				CLANG_WARN_COMMA = YES;
				CLANG_WARN_CONSTANT_CONVERSION = YES;
				CLANG_WARN_DEPRECATED_OBJC_IMPLEMENTATIONS = YES;
				CLANG_WARN_DIRECT_OBJC_ISA_USAGE = YES_ERROR;
				CLANG_WARN_DOCUMENTATION_COMMENTS = YES;
				CLANG_WARN_EMPTY_BODY = YES;
				CLANG_WARN_ENUM_CONVERSION = YES;
				CLANG_WARN_INFINITE_RECURSION = YES;
				CLANG_WARN_INT_CONVERSION = YES;
				CLANG_WARN_NON_LITERAL_NULL_CONVERSION = YES;
				CLANG_WARN_OBJC_IMPLICIT_RETAIN_SELF = YES;
				CLANG_WARN_OBJC_LITERAL_CONVERSION = YES;
				CLANG_WARN_OBJC_ROOT_CLASS = YES_ERROR;
				CLANG_WARN_QUOTED_INCLUDE_IN_FRAMEWORK_HEADER = YES;
				CLANG_WARN_RANGE_LOOP_ANALYSIS = YES;
				CLANG_WARN_STRICT_PROTOTYPES = YES;
				CLANG_WARN_SUSPICIOUS_MOVE = YES;
				CLANG_WARN_UNGUARDED_AVAILABILITY = YES_AGGRESSIVE;
				CLANG_WARN_UNREACHABLE_CODE = YES;
				CLANG_WARN__DUPLICATE_METHOD_MATCH = YES;
				COPY_PHASE_STRIP = NO;
				DEBUG_INFORMATION_FORMAT = dwarf;
				ENABLE_STRICT_OBJC_MSGSEND = YES;
				ENABLE_TESTABILITY = YES;
				GCC_C_LANGUAGE_STANDARD = gnu11;
				GCC_DYNAMIC_NO_PIC = NO;
				GCC_NO_COMMON_BLOCKS = YES;
				GCC_OPTIMIZATION_LEVEL = 0;
				GCC_PREPROCESSOR_DEFINITIONS = (
					"DEBUG=1",
					"$(inherited)",
				);
				GCC_WARN_64_TO_32_BIT_CONVERSION = YES;
				GCC_WARN_ABOUT_RETURN_TYPE = YES_ERROR;
				GCC_WARN_UNDECLARED_SELECTOR = YES;
				GCC_WARN_UNINITIALIZED_AUTOS = YES_AGGRESSIVE;
				GCC_WARN_UNUSED_FUNCTION = YES;
				GCC_WARN_UNUSED_VARIABLE = YES;
				IPHONEOS_DEPLOYMENT_TARGET = 14.3;
				MTL_ENABLE_DEBUG_INFO = INCLUDE_SOURCE;
				MTL_FAST_MATH = YES;
				ONLY_ACTIVE_ARCH = YES;
				SDKROOT = iphoneos;
				SWIFT_ACTIVE_COMPILATION_CONDITIONS = DEBUG;
				SWIFT_OPTIMIZATION_LEVEL = "-Onone";
			};
			name = Debug;
		};
		97B58B0225B1D9B300F55E2D /* Release */ = {
			isa = XCBuildConfiguration;
			buildSettings = {
				ALWAYS_SEARCH_USER_PATHS = NO;
				CLANG_ANALYZER_NONNULL = YES;
				CLANG_ANALYZER_NUMBER_OBJECT_CONVERSION = YES_AGGRESSIVE;
				CLANG_CXX_LANGUAGE_STANDARD = "gnu++14";
				CLANG_CXX_LIBRARY = "libc++";
				CLANG_ENABLE_MODULES = YES;
				CLANG_ENABLE_OBJC_ARC = YES;
				CLANG_ENABLE_OBJC_WEAK = YES;
				CLANG_WARN_BLOCK_CAPTURE_AUTORELEASING = YES;
				CLANG_WARN_BOOL_CONVERSION = YES;
				CLANG_WARN_COMMA = YES;
				CLANG_WARN_CONSTANT_CONVERSION = YES;
				CLANG_WARN_DEPRECATED_OBJC_IMPLEMENTATIONS = YES;
				CLANG_WARN_DIRECT_OBJC_ISA_USAGE = YES_ERROR;
				CLANG_WARN_DOCUMENTATION_COMMENTS = YES;
				CLANG_WARN_EMPTY_BODY = YES;
				CLANG_WARN_ENUM_CONVERSION = YES;
				CLANG_WARN_INFINITE_RECURSION = YES;
				CLANG_WARN_INT_CONVERSION = YES;
				CLANG_WARN_NON_LITERAL_NULL_CONVERSION = YES;
				CLANG_WARN_OBJC_IMPLICIT_RETAIN_SELF = YES;
				CLANG_WARN_OBJC_LITERAL_CONVERSION = YES;
				CLANG_WARN_OBJC_ROOT_CLASS = YES_ERROR;
				CLANG_WARN_QUOTED_INCLUDE_IN_FRAMEWORK_HEADER = YES;
				CLANG_WARN_RANGE_LOOP_ANALYSIS = YES;
				CLANG_WARN_STRICT_PROTOTYPES = YES;
				CLANG_WARN_SUSPICIOUS_MOVE = YES;
				CLANG_WARN_UNGUARDED_AVAILABILITY = YES_AGGRESSIVE;
				CLANG_WARN_UNREACHABLE_CODE = YES;
				CLANG_WARN__DUPLICATE_METHOD_MATCH = YES;
				COPY_PHASE_STRIP = NO;
				DEBUG_INFORMATION_FORMAT = "dwarf-with-dsym";
				ENABLE_NS_ASSERTIONS = NO;
				ENABLE_STRICT_OBJC_MSGSEND = YES;
				GCC_C_LANGUAGE_STANDARD = gnu11;
				GCC_NO_COMMON_BLOCKS = YES;
				GCC_WARN_64_TO_32_BIT_CONVERSION = YES;
				GCC_WARN_ABOUT_RETURN_TYPE = YES_ERROR;
				GCC_WARN_UNDECLARED_SELECTOR = YES;
				GCC_WARN_UNINITIALIZED_AUTOS = YES_AGGRESSIVE;
				GCC_WARN_UNUSED_FUNCTION = YES;
				GCC_WARN_UNUSED_VARIABLE = YES;
				IPHONEOS_DEPLOYMENT_TARGET = 14.3;
				MTL_ENABLE_DEBUG_INFO = NO;
				MTL_FAST_MATH = YES;
				SDKROOT = iphoneos;
				SWIFT_COMPILATION_MODE = wholemodule;
				SWIFT_OPTIMIZATION_LEVEL = "-O";
				VALIDATE_PRODUCT = YES;
			};
			name = Release;
		};
		97B58B0425B1D9B300F55E2D /* Debug */ = {
			isa = XCBuildConfiguration;
			baseConfigurationReference = CB67E233B3D224978B45CDD2 /* Pods-IrishRailAPI.debug.xcconfig */;
			buildSettings = {
				ASSETCATALOG_COMPILER_APPICON_NAME = AppIcon;
				ASSETCATALOG_COMPILER_GLOBAL_ACCENT_COLOR_NAME = AccentColor;
				CODE_SIGN_STYLE = Automatic;
				INFOPLIST_FILE = IrishRailAPI/Info.plist;
				IPHONEOS_DEPLOYMENT_TARGET = 14.0;
				LD_RUNPATH_SEARCH_PATHS = (
					"$(inherited)",
					"@executable_path/Frameworks",
				);
				PRODUCT_BUNDLE_IDENTIFIER = com.georgiivanov.IrishRailAPI;
				PRODUCT_NAME = "$(TARGET_NAME)";
				SWIFT_VERSION = 5.0;
				TARGETED_DEVICE_FAMILY = 1;
			};
			name = Debug;
		};
		97B58B0525B1D9B300F55E2D /* Release */ = {
			isa = XCBuildConfiguration;
			baseConfigurationReference = 8FA9FBF122DAE6DCA1556E5C /* Pods-IrishRailAPI.release.xcconfig */;
			buildSettings = {
				ASSETCATALOG_COMPILER_APPICON_NAME = AppIcon;
				ASSETCATALOG_COMPILER_GLOBAL_ACCENT_COLOR_NAME = AccentColor;
				CODE_SIGN_STYLE = Automatic;
				INFOPLIST_FILE = IrishRailAPI/Info.plist;
				IPHONEOS_DEPLOYMENT_TARGET = 14.0;
				LD_RUNPATH_SEARCH_PATHS = (
					"$(inherited)",
					"@executable_path/Frameworks",
				);
				PRODUCT_BUNDLE_IDENTIFIER = com.georgiivanov.IrishRailAPI;
				PRODUCT_NAME = "$(TARGET_NAME)";
				SWIFT_VERSION = 5.0;
				TARGETED_DEVICE_FAMILY = 1;
			};
			name = Release;
		};
		97B58B0725B1D9B300F55E2D /* Debug */ = {
			isa = XCBuildConfiguration;
			baseConfigurationReference = 39BB5B9DB817568558B5AFED /* Pods-IrishRailAPI-IrishRailAPITests.debug.xcconfig */;
			buildSettings = {
				ALWAYS_EMBED_SWIFT_STANDARD_LIBRARIES = YES;
				BUNDLE_LOADER = "$(TEST_HOST)";
				CODE_SIGN_STYLE = Automatic;
				INFOPLIST_FILE = IrishRailAPITests/Info.plist;
				IPHONEOS_DEPLOYMENT_TARGET = 14.3;
				LD_RUNPATH_SEARCH_PATHS = (
					"$(inherited)",
					"@executable_path/Frameworks",
					"@loader_path/Frameworks",
				);
				PRODUCT_BUNDLE_IDENTIFIER = com.georgiivanov.IrishRailAPITests;
				PRODUCT_NAME = "$(TARGET_NAME)";
				SWIFT_VERSION = 5.0;
				TARGETED_DEVICE_FAMILY = "1,2";
				TEST_HOST = "$(BUILT_PRODUCTS_DIR)/IrishRailAPI.app/IrishRailAPI";
			};
			name = Debug;
		};
		97B58B0825B1D9B300F55E2D /* Release */ = {
			isa = XCBuildConfiguration;
			baseConfigurationReference = 3C4E9A90322BD832840732C7 /* Pods-IrishRailAPI-IrishRailAPITests.release.xcconfig */;
			buildSettings = {
				ALWAYS_EMBED_SWIFT_STANDARD_LIBRARIES = YES;
				BUNDLE_LOADER = "$(TEST_HOST)";
				CODE_SIGN_STYLE = Automatic;
				INFOPLIST_FILE = IrishRailAPITests/Info.plist;
				IPHONEOS_DEPLOYMENT_TARGET = 14.3;
				LD_RUNPATH_SEARCH_PATHS = (
					"$(inherited)",
					"@executable_path/Frameworks",
					"@loader_path/Frameworks",
				);
				PRODUCT_BUNDLE_IDENTIFIER = com.georgiivanov.IrishRailAPITests;
				PRODUCT_NAME = "$(TARGET_NAME)";
				SWIFT_VERSION = 5.0;
				TARGETED_DEVICE_FAMILY = "1,2";
				TEST_HOST = "$(BUILT_PRODUCTS_DIR)/IrishRailAPI.app/IrishRailAPI";
			};
			name = Release;
		};
		97B58B0A25B1D9B300F55E2D /* Debug */ = {
			isa = XCBuildConfiguration;
			baseConfigurationReference = D7DE93266ECE882633577B0E /* Pods-IrishRailAPI-IrishRailAPIUITests.debug.xcconfig */;
			buildSettings = {
				ALWAYS_EMBED_SWIFT_STANDARD_LIBRARIES = YES;
				CODE_SIGN_STYLE = Automatic;
				INFOPLIST_FILE = IrishRailAPIUITests/Info.plist;
				LD_RUNPATH_SEARCH_PATHS = (
					"$(inherited)",
					"@executable_path/Frameworks",
					"@loader_path/Frameworks",
				);
				PRODUCT_BUNDLE_IDENTIFIER = com.georgiivanov.IrishRailAPIUITests;
				PRODUCT_NAME = "$(TARGET_NAME)";
				SWIFT_VERSION = 5.0;
				TARGETED_DEVICE_FAMILY = "1,2";
				TEST_TARGET_NAME = IrishRailAPI;
			};
			name = Debug;
		};
		97B58B0B25B1D9B300F55E2D /* Release */ = {
			isa = XCBuildConfiguration;
			baseConfigurationReference = 54C2EB9ED999310CAB0DC97B /* Pods-IrishRailAPI-IrishRailAPIUITests.release.xcconfig */;
			buildSettings = {
				ALWAYS_EMBED_SWIFT_STANDARD_LIBRARIES = YES;
				CODE_SIGN_STYLE = Automatic;
				INFOPLIST_FILE = IrishRailAPIUITests/Info.plist;
				LD_RUNPATH_SEARCH_PATHS = (
					"$(inherited)",
					"@executable_path/Frameworks",
					"@loader_path/Frameworks",
				);
				PRODUCT_BUNDLE_IDENTIFIER = com.georgiivanov.IrishRailAPIUITests;
				PRODUCT_NAME = "$(TARGET_NAME)";
				SWIFT_VERSION = 5.0;
				TARGETED_DEVICE_FAMILY = "1,2";
				TEST_TARGET_NAME = IrishRailAPI;
			};
			name = Release;
		};
/* End XCBuildConfiguration section */

/* Begin XCConfigurationList section */
		97B58AD425B1D9B000F55E2D /* Build configuration list for PBXProject "IrishRailAPI" */ = {
			isa = XCConfigurationList;
			buildConfigurations = (
				97B58B0125B1D9B300F55E2D /* Debug */,
				97B58B0225B1D9B300F55E2D /* Release */,
			);
			defaultConfigurationIsVisible = 0;
			defaultConfigurationName = Release;
		};
		97B58B0325B1D9B300F55E2D /* Build configuration list for PBXNativeTarget "IrishRailAPI" */ = {
			isa = XCConfigurationList;
			buildConfigurations = (
				97B58B0425B1D9B300F55E2D /* Debug */,
				97B58B0525B1D9B300F55E2D /* Release */,
			);
			defaultConfigurationIsVisible = 0;
			defaultConfigurationName = Release;
		};
		97B58B0625B1D9B300F55E2D /* Build configuration list for PBXNativeTarget "IrishRailAPITests" */ = {
			isa = XCConfigurationList;
			buildConfigurations = (
				97B58B0725B1D9B300F55E2D /* Debug */,
				97B58B0825B1D9B300F55E2D /* Release */,
			);
			defaultConfigurationIsVisible = 0;
			defaultConfigurationName = Release;
		};
		97B58B0925B1D9B300F55E2D /* Build configuration list for PBXNativeTarget "IrishRailAPIUITests" */ = {
			isa = XCConfigurationList;
			buildConfigurations = (
				97B58B0A25B1D9B300F55E2D /* Debug */,
				97B58B0B25B1D9B300F55E2D /* Release */,
			);
			defaultConfigurationIsVisible = 0;
			defaultConfigurationName = Release;
		};
/* End XCConfigurationList section */
	};
	rootObject = 97B58AD125B1D9B000F55E2D /* Project object */;
}
